<Solution>
  <Folder Name="/Task0/">
    <Project Path="Tyuiu.KvashninKA.Sprint1.Task0.V5.Lib/Tyuiu.KvashninKA.Sprint1.Task0.V5.Lib.csproj" />
    <Project Path="Tyuiu.KvashninKA.Sprint1.Task0.V5.Test/Tyuiu.KvashninKA.Sprint1.Task0.V5.Test.csproj" />
    <Project Path="Tyuiu.KvashninKA.Sprint1.Task0.V5/Tyuiu.KvashninKA.Sprint1.Task0.V5.csproj" />
  </Folder>
  <Folder Name="/Task1/">
    <Project Path="Tyuiu.KvashninKA.Sprint1.Task1.V15.Lib/Tyuiu.KvashninKA.Sprint1.Task1.V15.Lib.csproj" />
    <Project Path="Tyuiu.KvashninKA.Sprint1.Task1.V15.Test/Tyuiu.KvashninKA.Sprint1.Task1.V15.Test.csproj" />
    <Project Path="Tyuiu.KvashninKA.Sprint1.Task1.V15/Tyuiu.KvashninKA.Sprint1.Task1.V15.csproj" />
  </Folder>
  <Folder Name="/Task2/">
    <Project Path="Tyuiu.KvashninKA.Sprint1.Task2.V26.Lib/Tyuiu.KvashninKA.Sprint1.Task2.V26.Lib.csproj" />
    <Project Path="Tyuiu.KvashninKA.Sprint1.Task2.V26.Test/Tyuiu.KvashninKA.Sprint1.Task2.V26.Test.csproj" />
    <Project Path="Tyuiu.KvashninKA.Sprint1.Task2.V26/Tyuiu.KvashninKA.Sprint1.Task2.V26.csproj" />
  </Folder>
  <Folder Name="/Task3/">
    <Project Path="Tyuiu.KvashninKA.Sprint1.Task3.V10.Lib/Tyuiu.KvashninKA.Sprint1.Task3.V10.Lib.csproj" />
    <Project Path="Tyuiu.KvashninKA.Sprint1.Task3.V10.Test/Tyuiu.KvashninKA.Sprint1.Task3.V10.Test.csproj" />
    <Project Path="Tyuiu.KvashninKA.Sprint1.Task3.V10/Tyuiu.KvashninKA.Sprint1.Task3.V10.csproj" />
  </Folder>
</Solution>
